
Microsoft Visual Studio Solution File, Format Version 12.00
# Visual Studio Version 16
VisualStudioVersion = 16.0.32126.315
MinimumVisualStudioVersion = 10.0.40219.1
Project("{9A19103F-16F7-4668-BE54-9A1E7A4F7556}") = "Ciphers", "Ciphers\Ciphers.csproj", "{3E2C2AC9-F235-4461-8B3C-D081B545FD12}"
EndProject
Project("{9A19103F-16F7-4668-BE54-9A1E7A4F7556}") = "CiphersTests", "CiphersTests\CiphersTests.csproj", "{DC54B58B-10FB-4352-8E79-F324BF3942EA}"
EndProject
Project("{2150E333-8FDC-42A3-9474-1A3956D46DE8}") = "Solution Items", "Solution Items", "{74FF81EB-6914-4CCA-999D-1DA9EC9C4EC9}"
	ProjectSection(SolutionItems) = preProject
		docs\stream1.PNG = docs\stream1.PNG
		docs\stream2.PNG = docs\stream2.PNG
		docs\zad1.PNG = docs\zad1.PNG
		docs\zad1screen.PNG = docs\zad1screen.PNG
		docs\zad2a.PNG = docs\zad2a.PNG
		docs\zad2aScreen.PNG = docs\zad2aScreen.PNG
		docs\zad2b.PNG = docs\zad2b.PNG
		docs\zad2bScreen.PNG = docs\zad2bScreen.PNG
	EndProjectSection
EndProject
Global
	GlobalSection(SolutionConfigurationPlatforms) = preSolution
		Debug|Any CPU = Debug|Any CPU
		Release|Any CPU = Release|Any CPU
	EndGlobalSection
	GlobalSection(ProjectConfigurationPlatforms) = postSolution
		{3E2C2AC9-F235-4461-8B3C-D081B545FD12}.Debug|Any CPU.ActiveCfg = Debug|Any CPU
		{3E2C2AC9-F235-4461-8B3C-D081B545FD12}.Debug|Any CPU.Build.0 = Debug|Any CPU
		{3E2C2AC9-F235-4461-8B3C-D081B545FD12}.Release|Any CPU.ActiveCfg = Release|Any CPU
		{3E2C2AC9-F235-4461-8B3C-D081B545FD12}.Release|Any CPU.Build.0 = Release|Any CPU
		{DC54B58B-10FB-4352-8E79-F324BF3942EA}.Debug|Any CPU.ActiveCfg = Debug|Any CPU
		{DC54B58B-10FB-4352-8E79-F324BF3942EA}.Debug|Any CPU.Build.0 = Debug|Any CPU
		{DC54B58B-10FB-4352-8E79-F324BF3942EA}.Release|Any CPU.ActiveCfg = Release|Any CPU
		{DC54B58B-10FB-4352-8E79-F324BF3942EA}.Release|Any CPU.Build.0 = Release|Any CPU
	EndGlobalSection
	GlobalSection(SolutionProperties) = preSolution
		HideSolutionNode = FALSE
	EndGlobalSection
	GlobalSection(ExtensibilityGlobals) = postSolution
		SolutionGuid = {3A106EDA-490B-4E0B-8167-E4669BA2728D}
	EndGlobalSection
EndGlobal
